
Microsoft Visual Studio Solution File, Format Version 12.00
# Visual Studio Version 17
VisualStudioVersion = 17.7.34031.279
MinimumVisualStudioVersion = 10.0.40219.1
Project("{FAE04EC0-301F-11D3-BF4B-00C04F79EFBC}") = "Inventory store", "Inventory store\Inventory store.csproj", "{39D089CA-7917-4E50-AE2A-7807D6C6A19E}"
EndProject
Global
	GlobalSection(SolutionConfigurationPlatforms) = preSolution
		Debug|Any CPU = Debug|Any CPU
		Release|Any CPU = Release|Any CPU
	EndGlobalSection
	GlobalSection(ProjectConfigurationPlatforms) = postSolution
		{39D089CA-7917-4E50-AE2A-7807D6C6A19E}.Debug|Any CPU.ActiveCfg = Debug|Any CPU
		{39D089CA-7917-4E50-AE2A-7807D6C6A19E}.Debug|Any CPU.Build.0 = Debug|Any CPU
		{39D089CA-7917-4E50-AE2A-7807D6C6A19E}.Release|Any CPU.ActiveCfg = Release|Any CPU
		{39D089CA-7917-4E50-AE2A-7807D6C6A19E}.Release|Any CPU.Build.0 = Release|Any CPU
	EndGlobalSection
	GlobalSection(SolutionProperties) = preSolution
		HideSolutionNode = FALSE
	EndGlobalSection
	GlobalSection(ExtensibilityGlobals) = postSolution
		SolutionGuid = {FAEF4568-1F92-4942-B6A3-FA253E201C31}
	EndGlobalSection
EndGlobal
